
Microsoft Visual Studio Solution File, Format Version 12.00
# Visual Studio Version 17
VisualStudioVersion = 17.0.31919.166
MinimumVisualStudioVersion = 10.0.40219.1
Project("{FAE04EC0-301F-11D3-BF4B-00C04F79EFBC}") = "SEO14", "SEO14\SEO14.csproj", "{9DF339B9-945B-4C80-8F2C-5BAE9315A958}"
EndProject
Global
	GlobalSection(SolutionConfigurationPlatforms) = preSolution
		Debug|Any CPU = Debug|Any CPU
		Release|Any CPU = Release|Any CPU
	EndGlobalSection
	GlobalSection(ProjectConfigurationPlatforms) = postSolution
		{9DF339B9-945B-4C80-8F2C-5BAE9315A958}.Debug|Any CPU.ActiveCfg = Debug|Any CPU
		{9DF339B9-945B-4C80-8F2C-5BAE9315A958}.Debug|Any CPU.Build.0 = Debug|Any CPU
		{9DF339B9-945B-4C80-8F2C-5BAE9315A958}.Release|Any CPU.ActiveCfg = Release|Any CPU
		{9DF339B9-945B-4C80-8F2C-5BAE9315A958}.Release|Any CPU.Build.0 = Release|Any CPU
	EndGlobalSection
	GlobalSection(SolutionProperties) = preSolution
		HideSolutionNode = FALSE
	EndGlobalSection
	GlobalSection(ExtensibilityGlobals) = postSolution
		SolutionGuid = {CB725307-5FDF-4F83-9DD7-E616D555D511}
	EndGlobalSection
EndGlobal
